
Microsoft Visual Studio Solution File, Format Version 12.00
# Visual Studio Version 16
VisualStudioVersion = 16.0.29324.140
MinimumVisualStudioVersion = 10.0.40219.1
Project("{FAE04EC0-301F-11D3-BF4B-00C04F79EFBC}") = "WebApplicationRs2", "WebApplicationRs2\WebApplicationRs2.csproj", "{FBFA9298-EDCE-4C6E-BEFE-28EC27C508A2}"
EndProject
Project("{FAE04EC0-301F-11D3-BF4B-00C04F79EFBC}") = "WebApplicationRs2.Tests", "WebApplicationRs2.Tests\WebApplicationRs2.Tests.csproj", "{0AF48FE3-A73A-4FBB-920E-5E4C565B0E6E}"
EndProject
Global
	GlobalSection(SolutionConfigurationPlatforms) = preSolution
		Debug|Any CPU = Debug|Any CPU
		Release|Any CPU = Release|Any CPU
	EndGlobalSection
	GlobalSection(ProjectConfigurationPlatforms) = postSolution
		{FBFA9298-EDCE-4C6E-BEFE-28EC27C508A2}.Debug|Any CPU.ActiveCfg = Debug|Any CPU
		{FBFA9298-EDCE-4C6E-BEFE-28EC27C508A2}.Debug|Any CPU.Build.0 = Debug|Any CPU
		{FBFA9298-EDCE-4C6E-BEFE-28EC27C508A2}.Release|Any CPU.ActiveCfg = Release|Any CPU
		{FBFA9298-EDCE-4C6E-BEFE-28EC27C508A2}.Release|Any CPU.Build.0 = Release|Any CPU
		{0AF48FE3-A73A-4FBB-920E-5E4C565B0E6E}.Debug|Any CPU.ActiveCfg = Debug|Any CPU
		{0AF48FE3-A73A-4FBB-920E-5E4C565B0E6E}.Debug|Any CPU.Build.0 = Debug|Any CPU
		{0AF48FE3-A73A-4FBB-920E-5E4C565B0E6E}.Release|Any CPU.ActiveCfg = Release|Any CPU
		{0AF48FE3-A73A-4FBB-920E-5E4C565B0E6E}.Release|Any CPU.Build.0 = Release|Any CPU
	EndGlobalSection
	GlobalSection(SolutionProperties) = preSolution
		HideSolutionNode = FALSE
	EndGlobalSection
	GlobalSection(ExtensibilityGlobals) = postSolution
		SolutionGuid = {6BE1E8FE-B9BE-42AD-A7AA-09BA47F6C37D}
	EndGlobalSection
EndGlobal
